{
  "lockfileVersion": 1,
  "configVersion": 1,
  "workspaces": {
    "": {
      "name": "qr-forge",
      "dependencies": {
        "@tschk/moonshine": "^0.4.0",
        "@tschk/moonshine-deploy-cloudflare": "^0.4.0",
        "@tschk/moonshine-framework": "^0.4.0",
        "@tschk/moonshine-react": "^0.4.0",
        "@tschk/moonshine-server": "^0.4.0",
        "@unocss/core": "^66.8.1",
        "@unocss/preset-wind3": "^66.8.1",
        "qr-code-styling": "^1.9.2",
        "react": "^19.1.0",
        "react-dom": "^19.1.0",
      },
      "devDependencies": {
        "@tschk/moonshine-cli": "^0.4.0",
        "@types/bun": "^1.3.14",
        "@types/react": "^19.1.0",
        "@types/react-dom": "^19.1.0",
        "typescript": "~5.9.3",
      },
    },
  },
  "packages": {
    "@jridgewell/sourcemap-codec": ["@jridgewell/sourcemap-codec@1.5.5", "", {}, "sha512-cYQ9310grqxueWbl+WuIUIaiUaDcj7WOq5fVhEljNVgRfOUhY9fy2zTvfoqWsnebh8Sl70VScFbICvJnLKB0Og=="],

    "@tschk/crepus-moonshine": ["@tschk/crepus-moonshine@0.4.1", "", { "dependencies": { "@tschk/crepuscularity-wasm": "^0.1.3", "@tschk/moonshine": "^0.4.1", "@tschk/moonshine-framework": "^0.4.1" }, "peerDependencies": { "react": ">=18", "react-dom": ">=18" }, "optionalPeers": ["react", "react-dom"] }, "sha512-wJXvCyXOzLZSvXi91oNaL5XvEbNU8W93uLajroiPrMJ6GVuHyK42QFBOwS2dayXuHqqffZ7eJaBe6kHu7uTV7w=="],

    "@tschk/crepuscularity-wasm": ["@tschk/crepuscularity-wasm@0.1.3", "", {}, "sha512-oaiTeb5mQQX/oX+pRZJiHL0bVvZ8R6TMRbVY52a6bjjAPjibuchmWIq4H4gqBI6wE/20sPn03nqosIkSykAf5g=="],

    "@tschk/moonshine": ["@tschk/moonshine@0.4.1", "", { "dependencies": { "@tschk/moonshine-react": "^0.4.1", "@tschk/moonshine-router": "^0.4.1", "@tschk/moonshine-server": "^0.4.1", "@tschk/moonshine-shaders": "^0.4.1" }, "peerDependencies": { "react": ">=18", "react-dom": ">=18" }, "optionalPeers": ["react", "react-dom"] }, "sha512-1sUMwVUokpqGCBKnHuCiosAqw2f+FosIw+S5pMMlH5Ztu+ikSxqrjkYOBEzdYp5TSVHKTN6EXMbP3Qto3+hemw=="],

    "@tschk/moonshine-cli": ["@tschk/moonshine-cli@0.4.1", "", { "dependencies": { "@tschk/crepus-moonshine": "^0.4.1", "@tschk/crepuscularity-wasm": "^0.1.3", "@tschk/moonshine-compiler": "^0.4.1", "@tschk/moonshine-deploy-bun": "^0.4.1", "@tschk/moonshine-framework": "^0.4.1", "@tschk/moonshine-next": "^0.4.1", "@tschk/moonshine-react": "^0.4.1", "@tschk/moonshine-react-router": "^0.4.1", "@tschk/moonshine-server": "^0.4.1", "@tschk/moonshine-tanstack": "^0.4.1", "@tschk/moonshine-waku": "^0.4.1" }, "optionalDependencies": { "@tschk/moonshine-solid": "^0.4.1" }, "bin": { "moonshine": "bin/moonshine.ts" } }, "sha512-h09LEUglgsc1jlRocuKabXmxV9S6FKHwlf+fJyXJMAhZxiGORZw5xlZVEB+bEmlS6eRAVo98d9B/bx3A82f3RA=="],

    "@tschk/moonshine-compiler": ["@tschk/moonshine-compiler@0.4.1", "", { "dependencies": { "@tschk/moonshine-framework": "^0.4.1", "@tschk/moonshine-router": "^0.4.1" } }, "sha512-P3o4D54KbJrWkh818hfUpcYWEuPuLrqTKThbfTSWUgqF6jKWz/da21f3cO0ZBvL5K84AVxCUrnQTo0o4QnPFuQ=="],

    "@tschk/moonshine-deploy-bun": ["@tschk/moonshine-deploy-bun@0.4.1", "", { "dependencies": { "@tschk/moonshine-compiler": "^0.4.1", "@tschk/moonshine-framework": "^0.4.1", "@tschk/moonshine-react": "^0.4.1", "@tschk/moonshine-server": "^0.4.1" } }, "sha512-ny4WRZrSntRPIxrssh6GitVk58v6GA5Nu57bUvnQhq3Fr1Fq2nD6ZMQTQISwgbx1KET18DcNdw/dx5HXD3MXkg=="],

    "@tschk/moonshine-deploy-cloudflare": ["@tschk/moonshine-deploy-cloudflare@0.4.1", "", { "dependencies": { "@tschk/moonshine-compiler": "^0.4.1", "@tschk/moonshine-framework": "^0.4.1", "@tschk/moonshine-react": "^0.4.1", "@tschk/moonshine-router": "^0.4.1", "@tschk/moonshine-server": "^0.4.1" } }, "sha512-uqMsVr5HO8x5ahb60WAvelnMpLWbv/rCUIOKWyPl/oFruD4UdxeFWIccwjH67I1tWM0DUyhRuLadndNqNFGK1Q=="],

    "@tschk/moonshine-framework": ["@tschk/moonshine-framework@0.4.1", "", { "dependencies": { "@tschk/moonshine": "^0.4.1" } }, "sha512-neTIqnJKJby7NyzDuqwlty1xGOWB5jl/AVLjVyKHH9TPH/s4k0NXXUFEGsK3mcaG23HHUz8uFK9v6GSyAVN9Zg=="],

    "@tschk/moonshine-next": ["@tschk/moonshine-next@0.4.1", "", { "dependencies": { "@tschk/moonshine": "^0.4.1", "@tschk/moonshine-router": "^0.4.1", "@tschk/moonshine-shaders": "^0.4.1" }, "peerDependencies": { "react": ">=18", "react-dom": ">=18" } }, "sha512-zSSBShaCnd0dPjz6Nf+/jIYXAjZpZvwiSu42NuzaVY8VLRXoXzawV+y6ufmNCGY7XkrMC14EY8XzuMChB7Qghw=="],

    "@tschk/moonshine-react": ["@tschk/moonshine-react@0.4.1", "", { "dependencies": { "@tschk/moonshine": "^0.4.1", "@tschk/moonshine-framework": "^0.4.1", "react": "^19.1.0", "react-dom": "^19.1.0" } }, "sha512-WqnulnZfs5vd7Ld/dbAQt3cWpe/kAUL7TaUM72MS6JdlfPgVlobphyyWqygy7hoQj53pWqAVxm2mNeq8N5FEpg=="],

    "@tschk/moonshine-react-router": ["@tschk/moonshine-react-router@0.4.1", "", { "dependencies": { "@tschk/moonshine": "^0.4.1", "@tschk/moonshine-router": "^0.4.1" }, "peerDependencies": { "react": ">=18", "react-dom": ">=18" } }, "sha512-fGzmSYziv2YootfVWKTD/1tLvBTNMwzqoYoeccsjnigN/nx8WZ5C69cCvsw7xt5trOCEKHFkWLMA3N4urJC4uA=="],

    "@tschk/moonshine-router": ["@tschk/moonshine-router@0.4.1", "", { "dependencies": { "@tschk/moonshine": "^0.4.1", "@tschk/moonshine-framework": "^0.4.1" }, "peerDependencies": { "react": ">=18" }, "optionalPeers": ["react"] }, "sha512-/U3AdQjnyLJCyNPFEiYEepr+7YpvwNp+TVayp8670gkOxYEunowEuGMegLD49X/4Sy5qRzdzcPKl+CHHm4r6IA=="],

    "@tschk/moonshine-server": ["@tschk/moonshine-server@0.4.1", "", { "dependencies": { "@tschk/moonshine-framework": "^0.4.1", "@tschk/moonshine-router": "^0.4.1" } }, "sha512-sRYRSYLcEJkfllYbzCA5mvfv6QxTHRFDP23QAz51tNkZcX5ffGWVLeMFtDI09WGuQ/yF2OuoQEC1G4UNwx4L0w=="],

    "@tschk/moonshine-shaders": ["@tschk/moonshine-shaders@0.4.1", "", { "peerDependencies": { "react": ">=18" }, "optionalPeers": ["react"] }, "sha512-PBpM5IBcHohxHgczd5qpyo3Qji+oDgXxbhH1OFBtfZGSXOOnzOeb+VeMnjGWgQQO68HnakCCHB/DPeH3a6FiEw=="],

    "@tschk/moonshine-solid": ["@tschk/moonshine-solid@0.4.1", "", { "dependencies": { "@tschk/crepus-moonshine": "^0.4.1", "@tschk/crepuscularity-wasm": "^0.1.3", "@tschk/moonshine": "^0.4.1", "@tschk/moonshine-framework": "^0.4.1" }, "peerDependencies": { "solid-js": ">=1.8" } }, "sha512-tK3m/Hb5lMzFIZyb6ACjrB/e7da2ea6+ZwoAQTBxW8xlNQLdF4HuKB5++fj9rTioEPsIvqRy9Y+WomDC1mRWYA=="],

    "@tschk/moonshine-tanstack": ["@tschk/moonshine-tanstack@0.4.1", "", { "dependencies": { "@tschk/moonshine": "^0.4.1", "@tschk/moonshine-router": "^0.4.1" }, "peerDependencies": { "react": ">=18", "react-dom": ">=18" } }, "sha512-GyZb8g54Bt71UT1FMTGVB0N0PowuP2J4ymJVYjE1IdlbM8aM5m7uh/2FMtapJsHxCiK4zXY8Yyf5Vd9asdZt9g=="],

    "@tschk/moonshine-waku": ["@tschk/moonshine-waku@0.4.1", "", { "dependencies": { "@tschk/moonshine": "^0.4.1", "@tschk/moonshine-router": "^0.4.1" }, "peerDependencies": { "react": ">=18", "react-dom": ">=18" } }, "sha512-YVJz0MGjqc64adxAKCxgYzAwU+zrz2/MoFgF67BRzDgXRu8kgMKyJudCk7vgwNqxIzTIlF0HfyOSSI7CflmGVA=="],

    "@types/bun": ["@types/bun@1.4.0", "", { "dependencies": { "bun-types": "1.4.0" } }, "sha512-K+lZULY23vRgK/CfTjFIV+tyifaNdSMlPh9j+6mQ/cLfpOznLyAuzgV/JQysyECpkBQLVMSyvjlr2fBUSA9wFQ=="],

    "@types/node": ["@types/node@26.4.0", "", { "dependencies": { "undici-types": "~8.3.0" } }, "sha512-faiGnoIrLH/V8cibOMEAZ8pMw6oXqSukl29ra4mN8GdaB2ZewzeaLj+INpV5N+Z1eKWzY+IzaIZH2EIR6YZRNQ=="],

    "@types/react": ["@types/react@19.2.18", "", { "dependencies": { "csstype": "^3.2.2" } }, "sha512-AnzbBERsrLKtk2XSfTbYRLjQPdy116Sty4q+T+Bp3IC4l6jNBvreVPAHmpq9qhXQM7CXZPjLVmGMw9sy+hxQ3w=="],

    "@types/react-dom": ["@types/react-dom@19.2.5", "", { "peerDependencies": { "@types/react": "^19.2.0" } }, "sha512-fMPwH9v7r/pp43yUd2/Mbiex5KouJwwR3dzHkhLREUC6764VyDsqxhAxv6OFEYR1RhjOyD1naqba8ECDBe7ZQg=="],

    "@unocss/core": ["@unocss/core@66.8.1", "", {}, "sha512-ze/3qTloXZtFn6TXiNjL6ai1vgMvTCXIm8nqTzoU/Dt5d5MRxA86ERfUmgTX70rEBam5l6vnsaEVZO6WnHhdRA=="],

    "@unocss/extractor-arbitrary-variants": ["@unocss/extractor-arbitrary-variants@66.8.1", "", { "dependencies": { "@unocss/core": "66.8.1" } }, "sha512-Gm2hInbjPCasx+YXrBpNbmX7ST8Cl4a2DjNjwX2DA7Tayu7mZcqu/KBKv0f7S0Iam/N+XDYgMOMHMWgml0XFXQ=="],

    "@unocss/preset-mini": ["@unocss/preset-mini@66.8.1", "", { "dependencies": { "@unocss/core": "66.8.1", "@unocss/extractor-arbitrary-variants": "66.8.1", "@unocss/rule-utils": "66.8.1" } }, "sha512-yN/qCSuOYUKpd+H8L3UyP9DXG4Fi+hf5lfFeXSK+M9+k4jzO7kv4UcsLLtI7+kn+vG2yMVbgD7KhYHSceEogsw=="],

    "@unocss/preset-wind3": ["@unocss/preset-wind3@66.8.1", "", { "dependencies": { "@unocss/core": "66.8.1", "@unocss/preset-mini": "66.8.1", "@unocss/rule-utils": "66.8.1" } }, "sha512-scsm2wGhrLcCwgGV93pNeRIJ9azmUDS7T5Hjex9Y04cuh0BEJC4TQ+cRq04hpR8vqy955VJDHuGFRvF40kgF4Q=="],

    "@unocss/rule-utils": ["@unocss/rule-utils@66.8.1", "", { "dependencies": { "@unocss/core": "66.8.1", "magic-string": "^1.2.0" } }, "sha512-EQ9bhifqIodIsl7+eOmkCVWXkZ7dnwkmTURFyAosVpUc8j4WYsfnQC+3SjKnJfT44s1rIqHJtoBBaG9X97opdA=="],

    "bun-types": ["bun-types@1.4.0", "", { "dependencies": { "@types/node": "*" } }, "sha512-iIKw23BspnQQYd3prITOBxeUsxBHnwzX6YJfGMuNOZzeNcMmVqzIIVGRm1l69ogaPQmb4wB6BN8mA5bE9YuC5Q=="],

    "csstype": ["csstype@3.2.3", "", {}, "sha512-z1HGKcYy2xA8AGQfwrn0PAy+PB7X/GSj3UVJW9qKyn43xWa+gl5nXmU4qqLMRzWVLFC8KusUX8T/0kCiOYpAIQ=="],

    "magic-string": ["magic-string@1.2.3", "", { "dependencies": { "@jridgewell/sourcemap-codec": "^1.5.5" } }, "sha512-Bpb0W2TbLKOZ7vJnOUnVRGq3WL2p+ISV29M6hYPL1AFCpyKZpdr5ytiXoTSSxRVhg8YW7f65+6gbG8WG6PCa/g=="],

    "qr-code-styling": ["qr-code-styling@1.9.2", "", { "dependencies": { "qrcode-generator": "^1.4.4" } }, "sha512-RgJaZJ1/RrXJ6N0j7a+pdw3zMBmzZU4VN2dtAZf8ZggCfRB5stEQ3IoDNGaNhYY3nnZKYlYSLl5YkfWN5dPutg=="],

    "qrcode-generator": ["qrcode-generator@1.5.2", "", {}, "sha512-pItrW0Z9HnDBnFmgiNrY1uxRdri32Uh9EjNYLPVC2zZ3ZRIIEqBoDgm4DkvDwNNDHTK7FNkmr8zAa77BYc9xNw=="],

    "react": ["react@19.2.8", "", {}, "sha512-PWaYA1L/q9u2u7xYQi+Y3L3Yfnie7XyLeaJICV1MGD6LprsBxcAqGjYyr0eY3p+QdsA+x/Irkt4Qif8D63+Sbw=="],

    "react-dom": ["react-dom@19.2.8", "", { "dependencies": { "scheduler": "^0.27.0" }, "peerDependencies": { "react": "^19.2.8" } }, "sha512-rVprimfGBG3DR+Tq0IQG2DT5PxKth1WIGDmj5yPmlzr4YBe7uyE+Du4oVqTDXZSHGGGXRtTJEGSSePyQCMBglQ=="],

    "scheduler": ["scheduler@0.27.0", "", {}, "sha512-eNv+WrVbKu1f3vbYJT/xtiF5syA5HPIMtf9IgY/nKg0sWqzAUEvqY/xm7OcZc/qafLx/iO9FgOmeSAp4v5ti/Q=="],

    "seroval": ["seroval@1.5.6", "", {}, "sha512-rVQVWjjSvlINzaQPZH5JFqsqEsIWdTxY3iJZCnTL/5gQbXIRooVZKI60tVCkOVfzcRPejboxO2t0P89dg5mQaA=="],

    "seroval-plugins": ["seroval-plugins@1.5.6", "", { "peerDependencies": { "seroval": "^1.0" } }, "sha512-HXuLAX2pu/UByPpaeo/TaMfvMIi+1QqIoPJYCcAtU8QkVNwgR6MPlGuCQTErV1JwraaMbYaWVIBX7mppzGLATQ=="],

    "solid-js": ["solid-js@1.9.15", "", { "dependencies": { "csstype": "^3.1.0", "seroval": "~1.5.4", "seroval-plugins": "~1.5.4" } }, "sha512-EeiY2xfpZJqPLjXspVEKjAII4yv8NyG//NxZ3IpOFHdUNnnTyL0uJOeS9LWGvA7cFCz5y94cjFwYlmw5Luncsg=="],

    "typescript": ["typescript@5.9.3", "", { "bin": { "tsc": "bin/tsc", "tsserver": "bin/tsserver" } }, "sha512-jl1vZzPDinLr9eUt3J/t7V6FgNEw9QjvBPdysz9KfQDD41fQrC2Y4vKQdiaUpFT4bXlb1RHhLpp8wtm6M5TgSw=="],

    "undici-types": ["undici-types@8.3.0", "", {}, "sha512-j375ScV60dom+YkPFIfTLcOiPxkN/buHz5GobjLhixFuANaNs3C9l4GmrWqejgXWJ7BbJcFYpTEUkS1Ge8bpZQ=="],
  }
}
